{

    "name": "client",
    "version": "0.0.0",
    "lockfileVersion": 2,
    "requires": true,
    "packages": {
        "": {
            "name": "client",
            "version": "0.0.0",
            "dependencies": {
                "@emotion/react": "^11.10.6",
                "@emotion/styled": "^11.10.6",
                "@mui/icons-material": "^5.11.11",
                "@mui/material": "^5.11.14",
                "@reduxjs/toolkit": "^1.9.3",
                "axios": "^1.3.4",
                "moment": "^2.29.4",
                "react": "^18.2.0",
                "react-dom": "^18.2.0",
                "react-redux": "^8.0.5",
                "react-router-dom": "^6.9.0",
                "redux-persist": "^6.0.0",
                "sass": "^1.60.0"
            },
            "devDependencies": {
                "@types/react": "^18.0.28",
                "@types/react-dom": "^18.0.11",
                "@vitejs/plugin-react": "^3.1.0",
                "vite": "^4.2.0"
            }

        },
        "node_modules/@ampproject/remapping": {
            "version": "2.2.0",
            "resolved": "https://registry.npmmirror.com/@ampproject/remapping/-/remapping-2.2.0.tgz",
            "integrity": "sha512-qRmjj8nj9qmLTQXXmaR1cck3UXSRMPrbsLJAasZpF+t3riI71BXed5ebIOYwQntykeZuhjsdweEc9BxH5Jc26w==",
            "dev": true,
            "dependencies": {
                "@jridgewell/gen-mapping": "^0.1.0",
                "@jridgewell/trace-mapping": "^0.3.9"
            },
            "engines": {
                "node": ">=6.0.0"
            }
        },
        "node_modules/@babel/code-frame": {
            "version": "7.18.6",
            "resolved": "https://registry.npmmirror.com/@babel/code-frame/-/code-frame-7.18.6.tgz",
            "integrity": "sha512-TDCmlK5eOvH+eH7cdAFlNXeVJqWIQ7gW9tY1GJIpUtFb6CmjVyq2VM3u71bOyR8CRihcCgMUYoDNyLXao3+70Q==",
            "dependencies": {
                "@babel/highlight": "^7.18.6"
            },
            "engines": {
                "node": ">=6.9.0"
            }
        },
        "node_modules/@babel/compat-data": {
            "version": "7.21.0",
            "resolved": "https://registry.npmmirror.com/@babel/compat-data/-/compat-data-7.21.0.tgz",
            "integrity": "sha512-gMuZsmsgxk/ENC3O/fRw5QY8A9/uxQbbCEypnLIiYYc/qVJtEV7ouxC3EllIIwNzMqAQee5tanFabWsUOutS7g==",
            "dev": true,
            "engines": {
                "node": ">=6.9.0"
            }
        },
        "node_modules/@babel/core": {
            "version": "7.21.3",
            "resolved": "https://registry.npmmirror.com/@babel/core/-/core-7.21.3.tgz",
            "integrity": "sha512-qIJONzoa/qiHghnm0l1n4i/6IIziDpzqc36FBs4pzMhDUraHqponwJLiAKm1hGLP3OSB/TVNz6rMwVGpwxxySw==",
            "dev": true,
            "dependencies": {
                "@ampproject/remapping": "^2.2.0",
                "@babel/code-frame": "^7.18.6",
                "@babel/generator": "^7.21.3",
                "@babel/helper-compilation-targets": "^7.20.7",
                "@babel/helper-module-transforms": "^7.21.2",
                "@babel/helpers": "^7.21.0",
                "@babel/parser": "^7.21.3",
                "@babel/template": "^7.20.7",
                "@babel/traverse": "^7.21.3",
                "@babel/types": "^7.21.3",
                "convert-source-map": "^1.7.0",
                "debug": "^4.1.0",
                "gensync": "^1.0.0-beta.2",
                "json5": "^2.2.2",
                "semver": "^6.3.0"
            },
            "engines": {
                "node": ">=6.9.0"
            }
        },

        "node_modules/@babel/generator": {
            "version": "7.21.3",
            "resolved": "https://registry.npmmirror.com/@babel/generator/-/generator-7.21.3.tgz",
            "integrity": "sha512-QS3iR1GYC/YGUnW7IdggFeN5c1poPUurnGttOV/bZgPGV+izC/D8HnD6DLwod0fsatNyVn1G3EVWMYIF0nHbeA==",
            "dev": true,
            "dependencies": {
                "@babel/types": "^7.21.3",
                "@jridgewell/gen-mapping": "^0.3.2",
                "@jridgewell/trace-mapping": "^0.3.17",
                "jsesc": "^2.5.1"
            },
            "engines": {
                "node": ">=6.9.0"
            }

        },
        "node_modules/@babel/generator/node_modules/@jridgewell/gen-mapping": {
            "version": "0.3.2",
            "resolved": "https://registry.npmmirror.com/@jridgewell/gen-mapping/-/gen-mapping-0.3.2.tgz",
            "integrity": "sha512-mh65xKQAzI6iBcFzwv28KVWSmCkdRBWoOh+bYQGW3+6OZvbbN3TqMGo5hqYxQniRcH9F2VZIoJCm4pa3BPDK/A==",
            "dev": true,
            "dependencies": {
                "@jridgewell/set-array": "^1.0.1",
                "@jridgewell/sourcemap-codec": "^1.4.10",
                "@jridgewell/trace-mapping": "^0.3.9"
            },
            "engines": {
                "node": ">=6.0.0"
            }
        },
        "node_modules/@babel/helper-compilation-targets": {
            "version": "7.20.7",
            "resolved": "https://registry.npmmirror.com/@babel/helper-compilation-targets/-/helper-compilation-targets-7.20.7.tgz",
            "integrity": "sha512-4tGORmfQcrc+bvrjb5y3dG9Mx1IOZjsHqQVUz7XCNHO+iTmqxWnVg3KRygjGmpRLJGdQSKuvFinbIb0CnZwHAQ==",
            "dev": true,
            "dependencies": {
                "@babel/compat-data": "^7.20.5",
                "@babel/helper-validator-option": "^7.18.6",
                "browserslist": "^4.21.3",
                "lru-cache": "^5.1.1",
                "semver": "^6.3.0"
            },
            "engines": {
                "node": ">=6.9.0"
            },
            "peerDependencies": {
                "@babel/core": "^7.0.0"
            }
        },
        "node_modules/@babel/helper-environment-visitor": {
            "version": "7.18.9",
            "resolved": "https://registry.npmmirror.com/@babel/helper-environment-visitor/-/helper-environment-visitor-7.18.9.tgz",
            "integrity": "sha512-3r/aACDJ3fhQ/EVgFy0hpj8oHyHpQc+LPtJoY9SzTThAsStm4Ptegq92vqKoE3vD706ZVFWITnMnxucw+S9Ipg==",
            "dev": true,
            "engines": {
                "node": ">=6.9.0"
            }
        },

      }
    },
    "proxy-from-env": {
      "version": "1.1.0",
      "resolved": "https://registry.npmmirror.com/proxy-from-env/-/proxy-from-env-1.1.0.tgz",
      "integrity": "sha512-D+zkORCbA9f1tdWRK0RaCR3GPv50cMxcrz4X8k5LTSUD1Dkw47mKJEZQNunItRTkWwgtaUSo1RVFRIG9ZXiFYg=="
    },
    "queue-microtask": {
      "version": "1.2.3",
      "resolved": "https://registry.npmjs.org/queue-microtask/-/queue-microtask-1.2.3.tgz",
      "integrity": "sha512-NuaNSa6flKT5JaSYQzJok04JzTL1CA6aGhv5rfLW3PgqA+M2ChpZQnAC8h8i4ZFkBS8X5RqkDBHA7r4hej3K9A==",
      "dev": true
    },
    "quick-lru": {
      "version": "5.1.1",
      "resolved": "https://registry.npmjs.org/quick-lru/-/quick-lru-5.1.1.tgz",
      "integrity": "sha512-WuyALRjWPDGtt/wzJiadO5AXY+8hZ80hVpe6MyivgraREW751X3SbhRvG3eLKOYN+8VEvqLcf3wdnt44Z4S4SA==",
      "dev": true
    },
    "react": {
      "version": "18.2.0",
      "resolved": "https://registry.npmmirror.com/react/-/react-18.2.0.tgz",
      "integrity": "sha512-/3IjMdb2L9QbBdWiW5e3P2/npwMBaU9mHCSCUzNln0ZCYbcfTsGbTJrU/kGemdH2IWmB2ioZ+zkxtmq6g09fGQ==",
      "requires": {
        "loose-envify": "^1.1.0"
      }
    },
    "react-dom": {
      "version": "18.2.0",
      "resolved": "https://registry.npmmirror.com/react-dom/-/react-dom-18.2.0.tgz",
      "integrity": "sha512-6IMTriUmvsjHUjNtEDudZfuDQUoWXVxKHhlEGSk81n4YFS+r/Kl99wXiwlVXtPBtJenozv2P+hxDsw9eA7Xo6g==",
      "requires": {
        "loose-envify": "^1.1.0",
        "scheduler": "^0.23.0"
      }
    },
    "react-is": {
      "version": "18.2.0",
      "resolved": "https://registry.npmmirror.com/react-is/-/react-is-18.2.0.tgz",
      "integrity": "sha512-xWGDIW6x921xtzPkhiULtthJHoJvBbF3q26fzloPCK0hsvxtPVelvftw3zjbHWSkR2km9Z+4uxbDDK/6Zw9B8w=="
    },
    "react-refresh": {
      "version": "0.14.0",
      "resolved": "https://registry.npmmirror.com/react-refresh/-/react-refresh-0.14.0.tgz",
      "integrity": "sha512-wViHqhAd8OHeLS/IRMJjTSDHF3U9eWi62F/MledQGPdJGDhodXJ9PBLNGr6WWL7qlH12Mt3TyTpbS+hGXMjCzQ==",
      "dev": true
    },
    "react-router": {
      "version": "6.9.0",
      "resolved": "https://registry.npmmirror.com/react-router/-/react-router-6.9.0.tgz",
      "integrity": "sha512-51lKevGNUHrt6kLuX3e/ihrXoXCa9ixY/nVWRLlob4r/l0f45x3SzBvYJe3ctleLUQQ5fVa4RGgJOTH7D9Umhw==",
      "requires": {
        "@remix-run/router": "1.4.0"
      }
    },
    "react-router-dom": {
      "version": "6.9.0",
      "resolved": "https://registry.npmmirror.com/react-router-dom/-/react-router-dom-6.9.0.tgz",
      "integrity": "sha512-/seUAPY01VAuwkGyVBPCn1OXfVbaWGGu4QN9uj0kCPcTyNYgL1ldZpxZUpRU7BLheKQI4Twtl/OW2nHRF1u26Q==",
      "requires": {
        "@remix-run/router": "1.4.0",
        "react-router": "6.9.0"
      }
    },
    "react-select": {
      "version": "5.7.2",
      "resolved": "https://registry.npmjs.org/react-select/-/react-select-5.7.2.tgz",
      "integrity": "sha512-cTlJkQ8YjV6T/js8wW0owTzht0hHGABh29vjLscY4HfZGkv7hc3FFTmRp9NzY/Ib1uQ36GieAKEjxpHdpCFpcA==",
      "requires": {
        "@babel/runtime": "^7.12.0",
        "@emotion/cache": "^11.4.0",
        "@emotion/react": "^11.8.1",
        "@floating-ui/dom": "^1.0.1",
        "@types/react-transition-group": "^4.4.0",
        "memoize-one": "^6.0.0",
        "prop-types": "^15.6.0",
        "react-transition-group": "^4.3.0",
        "use-isomorphic-layout-effect": "^1.1.2"
      }
    },
    "react-transition-group": {
      "version": "4.4.5",
      "resolved": "https://registry.npmmirror.com/react-transition-group/-/react-transition-group-4.4.5.tgz",
      "integrity": "sha512-pZcd1MCJoiKiBR2NRxeCRg13uCXbydPnmB4EOeRrY7480qNWO8IIgQG6zlDkm6uRMsURXPuKq0GWtiM59a5Q6g==",
      "requires": {
        "@babel/runtime": "^7.5.5",
        "dom-helpers": "^5.0.1",
        "loose-envify": "^1.4.0",
        "prop-types": "^15.6.2"
      }
    },
    "read-cache": {
      "version": "1.0.0",
      "resolved": "https://registry.npmjs.org/read-cache/-/read-cache-1.0.0.tgz",
      "integrity": "sha512-Owdv/Ft7IjOgm/i0xvNDZ1LrRANRfew4b2prF3OWMQLxLfu3bS8FVhCsrSCMK4lR56Y9ya+AThoTpDCTxCmpRA==",
      "dev": true,
      "requires": {
        "pify": "^2.3.0"
      }
    },
    "readdirp": {
      "version": "3.6.0",
      "resolved": "https://registry.npmmirror.com/readdirp/-/readdirp-3.6.0.tgz",
      "integrity": "sha512-hOS089on8RduqdbhvQ5Z37A0ESjsqz6qnRcffsMU3495FuTdqSm+7bhJ29JvIOsBDEEnan5DPu9t3To9VRlMzA==",
      "requires": {
        "picomatch": "^2.2.1"
      }
    },
    "regenerator-runtime": {
      "version": "0.13.11",
      "resolved": "https://registry.npmmirror.com/regenerator-runtime/-/regenerator-runtime-0.13.11.tgz",
      "integrity": "sha512-kY1AZVr2Ra+t+piVaJ4gxaFaReZVH40AKNo7UCX6W+dEwBo/2oZJzqfuN1qLq1oL45o56cPaTXELwrTh8Fpggg=="
    },
    "resolve": {
      "version": "1.22.1",
      "resolved": "https://registry.npmmirror.com/resolve/-/resolve-1.22.1.tgz",
      "integrity": "sha512-nBpuuYuY5jFsli/JIs1oldw6fOQCBioohqWZg/2hiaOybXOft4lonv85uDOKXdf8rhyK159cxU5cDcK/NKk8zw==",
      "requires": {
        "is-core-module": "^2.9.0",
        "path-parse": "^1.0.7",
        "supports-preserve-symlinks-flag": "^1.0.0"
      }
    },
    "resolve-from": {
      "version": "4.0.0",
      "resolved": "https://registry.npmmirror.com/resolve-from/-/resolve-from-4.0.0.tgz",
      "integrity": "sha512-pb/MYmXstAkysRFx8piNI1tGFNQIFA3vkE3Gq4EuA1dF6gHp/+vgZqsCGJapvy8N3Q+4o7FwvquPJcnZ7RYy4g=="
    },
    "reusify": {
      "version": "1.0.4",
      "resolved": "https://registry.npmjs.org/reusify/-/reusify-1.0.4.tgz",
      "integrity": "sha512-U9nH88a3fc/ekCF1l0/UP1IosiuIjyTh7hBvXVMHYgVcfGvt897Xguj2UOLDeI5BG2m7/uwyaLVT6fbtCwTyzw==",
      "dev": true
    },
    "rollup": {
      "version": "3.20.2",
      "resolved": "https://registry.npmmirror.com/rollup/-/rollup-3.20.2.tgz",
      "integrity": "sha512-3zwkBQl7Ai7MFYQE0y1MeQ15+9jsi7XxfrqwTb/9EK8D9C9+//EBR4M+CuA1KODRaNbFez/lWxA5vhEGZp4MUg==",
      "dev": true,
      "requires": {
        "fsevents": "~2.3.2"
      }
    },
    "run-parallel": {
      "version": "1.2.0",
      "resolved": "https://registry.npmjs.org/run-parallel/-/run-parallel-1.2.0.tgz",
      "integrity": "sha512-5l4VyZR86LZ/lDxZTR6jqL8AFE2S0IFLMP26AbjsLVADxHdhB/c0GUsH+y39UfCi3dzz8OlQuPmnaJOMoDHQBA==",
      "dev": true,
      "requires": {
        "queue-microtask": "^1.2.2"
      }
    },
    "sass": {
      "version": "1.60.0",
      "resolved": "https://registry.npmmirror.com/sass/-/sass-1.60.0.tgz",
      "integrity": "sha512-updbwW6fNb5gGm8qMXzVO7V4sWf7LMXnMly/JEyfbfERbVH46Fn6q02BX7/eHTdKpE7d+oTkMMQpFWNUMfFbgQ==",
      "requires": {
        "chokidar": ">=3.0.0 <4.0.0",
        "immutable": "^4.0.0",
        "source-map-js": ">=0.6.2 <2.0.0"
      }
    },
    "scheduler": {
      "version": "0.23.0",
      "resolved": "https://registry.npmmirror.com/scheduler/-/scheduler-0.23.0.tgz",
      "integrity": "sha512-CtuThmgHNg7zIZWAXi3AsyIzA3n4xx7aNyjwC2VJldO2LMVDhFK+63xGqq6CsJH4rTAt6/M+N4GhZiDYPx9eUw==",
      "requires": {
        "loose-envify": "^1.1.0"
      }
    },
    "semver": {
      "version": "6.3.0",
      "resolved": "https://registry.npmmirror.com/semver/-/semver-6.3.0.tgz",
      "integrity": "sha512-b39TBaTSfV6yBrapU89p5fKekE2m/NwnDocOVruQFS1/veMgdzuPcnOM34M6CwxW8jH/lxEa5rBoDeUwu5HHTw==",
      "dev": true
    },
    "source-map": {
      "version": "0.5.7",
      "resolved": "https://registry.npmmirror.com/source-map/-/source-map-0.5.7.tgz",
      "integrity": "sha512-LbrmJOMUSdEVxIKvdcJzQC+nQhe8FUZQTXQy6+I75skNgn3OoQ0DZA8YnFa7gp8tqtL3KPf1kmo0R5DoApeSGQ=="
    },
    "source-map-js": {
      "version": "1.0.2",
      "resolved": "https://registry.npmmirror.com/source-map-js/-/source-map-js-1.0.2.tgz",
      "integrity": "sha512-R0XvVJ9WusLiqTCEiGCmICCMplcCkIwwR11mOSD9CR5u+IXYdiseeEuXCVAjS54zqwkLcPNnmU4OeJ6tUrWhDw=="
    },
    "stylis": {
      "version": "4.1.3",
      "resolved": "https://registry.npmmirror.com/stylis/-/stylis-4.1.3.tgz",
      "integrity": "sha512-GP6WDNWf+o403jrEp9c5jibKavrtLW+/qYGhFxFrG8maXhwTBI7gLLhiBb0o7uFccWN+EOS9aMO6cGHWAO07OA=="
    },
    "sucrase": {
      "version": "3.31.0",
      "resolved": "https://registry.npmjs.org/sucrase/-/sucrase-3.31.0.tgz",
      "integrity": "sha512-6QsHnkqyVEzYcaiHsOKkzOtOgdJcb8i54x6AV2hDwyZcY9ZyykGZVw6L/YN98xC0evwTP6utsWWrKRaa8QlfEQ==",
      "dev": true,
      "requires": {
        "commander": "^4.0.0",
        "glob": "7.1.6",
        "lines-and-columns": "^1.1.6",
        "mz": "^2.7.0",
        "pirates": "^4.0.1",
        "ts-interface-checker": "^0.1.9"
      }
    },
    "supports-color": {
      "version": "5.5.0",
      "resolved": "https://registry.npmmirror.com/supports-color/-/supports-color-5.5.0.tgz",
      "integrity": "sha512-QjVjwdXIt408MIiAqCX4oUKsgU2EqAGzs2Ppkm4aQYbjm+ZEWEcW4SfFNTr4uMNZma0ey4f5lgLrkB0aX0QMow==",
      "requires": {
        "has-flag": "^3.0.0"
      }
    },
    "supports-preserve-symlinks-flag": {
      "version": "1.0.0",
      "resolved": "https://registry.npmmirror.com/supports-preserve-symlinks-flag/-/supports-preserve-symlinks-flag-1.0.0.tgz",
      "integrity": "sha512-ot0WnXS9fgdkgIcePe6RHNk1WA8+muPa6cSjeR3V8K27q9BB1rTE3R1p7Hv0z1ZyAc8s6Vvv8DIyWf681MAt0w=="
    },
    "tailwindcss": {
      "version": "3.3.0",
      "resolved": "https://registry.npmjs.org/tailwindcss/-/tailwindcss-3.3.0.tgz",
      "integrity": "sha512-hOXlFx+YcklJ8kXiCAfk/FMyr4Pm9ck477G0m/us2344Vuj355IpoEDB5UmGAsSpTBmr+4ZhjzW04JuFXkb/fw==",
      "dev": true,
      "requires": {
        "arg": "^5.0.2",
        "chokidar": "^3.5.3",
        "color-name": "^1.1.4",
        "didyoumean": "^1.2.2",
        "dlv": "^1.1.3",
        "fast-glob": "^3.2.12",
        "glob-parent": "^6.0.2",
        "is-glob": "^4.0.3",
        "jiti": "^1.17.2",
        "lilconfig": "^2.0.6",
        "micromatch": "^4.0.5",
        "normalize-path": "^3.0.0",
        "object-hash": "^3.0.0",
        "picocolors": "^1.0.0",
        "postcss": "^8.0.9",
        "postcss-import": "^14.1.0",
        "postcss-js": "^4.0.0",
        "postcss-load-config": "^3.1.4",
        "postcss-nested": "6.0.0",
        "postcss-selector-parser": "^6.0.11",
        "postcss-value-parser": "^4.2.0",
        "quick-lru": "^5.1.1",
        "resolve": "^1.22.1",
        "sucrase": "^3.29.0"
      },
      "dependencies": {
        "color-name": {
          "version": "1.1.4",
          "resolved": "https://registry.npmjs.org/color-name/-/color-name-1.1.4.tgz",
          "integrity": "sha512-dOy+3AuW3a2wNbZHIuMZpTcgjGuLU/uBL/ubcZF9OXbDo8ff4O8yVp5Bf0efS8uEoYo5q4Fx7dY9OgQGXgAsQA==",
          "dev": true
        },
        "glob-parent": {
          "version": "6.0.2",
          "resolved": "https://registry.npmjs.org/glob-parent/-/glob-parent-6.0.2.tgz",
          "integrity": "sha512-XxwI8EOhVQgWp6iDL+3b0r86f4d6AX6zSU55HfB4ydCEuXLXc5FcYeOu+nnGftS4TEju/11rt4KJPTMgbfmv4A==",
          "dev": true,
          "requires": {
            "is-glob": "^4.0.3"
          }
        }
      }
    },
    "thenify": {
      "version": "3.3.1",
      "resolved": "https://registry.npmjs.org/thenify/-/thenify-3.3.1.tgz",
      "integrity": "sha512-RVZSIV5IG10Hk3enotrhvz0T9em6cyHBLkH/YAZuKqd8hRkKhSfCGIcP2KUY0EPxndzANBmNllzWPwak+bheSw==",
      "dev": true,
      "requires": {
        "any-promise": "^1.0.0"
      }
    },
    "thenify-all": {
      "version": "1.6.0",
      "resolved": "https://registry.npmjs.org/thenify-all/-/thenify-all-1.6.0.tgz",
      "integrity": "sha512-RNxQH/qI8/t3thXJDwcstUO4zeqo64+Uy/+sNVRBx4Xn2OX+OZ9oP+iJnNFqplFra2ZUVeKCSa2oVWi3T4uVmA==",
      "dev": true,
      "requires": {
        "thenify": ">= 3.1.0 < 4"
      }
    },
    "to-fast-properties": {
      "version": "2.0.0",
      "resolved": "https://registry.npmmirror.com/to-fast-properties/-/to-fast-properties-2.0.0.tgz",
      "integrity": "sha512-/OaKK0xYrs3DmxRYqL/yDc+FxFUVYhDlXMhRmv3z915w2HF1tnN1omB354j8VUGO/hbRzyD6Y3sA7v7GS/ceog=="
    },
    "to-regex-range": {
      "version": "5.0.1",
      "resolved": "https://registry.npmmirror.com/to-regex-range/-/to-regex-range-5.0.1.tgz",
      "integrity": "sha512-65P7iz6X5yEr1cwcgvQxbbIw7Uk3gOy5dIdtZ4rDveLqhrdJP+Li/Hx6tyK0NEb+2GCyneCMJiGqrADCSNk8sQ==",
      "requires": {
        "is-number": "^7.0.0"
      }
    },
    "ts-interface-checker": {
      "version": "0.1.13",
      "resolved": "https://registry.npmjs.org/ts-interface-checker/-/ts-interface-checker-0.1.13.tgz",
      "integrity": "sha512-Y/arvbn+rrz3JCKl9C4kVNfTfSm2/mEp5FSz5EsZSANGPSlQrpRI5M4PKF+mJnE52jOO90PnPSc3Ur3bTQw0gA==",
      "dev": true
    },
    "update-browserslist-db": {
      "version": "1.0.10",
      "resolved": "https://registry.npmmirror.com/update-browserslist-db/-/update-browserslist-db-1.0.10.tgz",
      "integrity": "sha512-OztqDenkfFkbSG+tRxBeAnCVPckDBcvibKd35yDONx6OU8N7sqgwc7rCbkJ/WcYtVRZ4ba68d6byhC21GFh7sQ==",
      "dev": true,
      "requires": {
        "escalade": "^3.1.1",
        "picocolors": "^1.0.0"
      }
    },
    "use-isomorphic-layout-effect": {
      "version": "1.1.2",
      "resolved": "https://registry.npmjs.org/use-isomorphic-layout-effect/-/use-isomorphic-layout-effect-1.1.2.tgz",
      "integrity": "sha512-49L8yCO3iGT/ZF9QttjwLF/ZD9Iwto5LnH5LmEdk/6cFmXddqi2ulF0edxTwjj+7mqvpVVGQWvbXZdn32wRSHA==",
      "requires": {}
    },
    "util-deprecate": {
      "version": "1.0.2",
      "resolved": "https://registry.npmjs.org/util-deprecate/-/util-deprecate-1.0.2.tgz",
      "integrity": "sha512-EPD5q1uXyFxJpCrLnCc1nHnq3gOa6DZBocAIiI2TaSCA7VCJ1UJDMagCzIkXNsUYfD1daK//LTEQ8xiIbrHtcw==",
      "dev": true
    },
    "vite": {
      "version": "4.2.1",
      "resolved": "https://registry.npmmirror.com/vite/-/vite-4.2.1.tgz",
      "integrity": "sha512-7MKhqdy0ISo4wnvwtqZkjke6XN4taqQ2TBaTccLIpOKv7Vp2h4Y+NpmWCnGDeSvvn45KxvWgGyb0MkHvY1vgbg==",
      "dev": true,
      "requires": {
        "esbuild": "^0.17.5",
        "fsevents": "~2.3.2",
        "postcss": "^8.4.21",
        "resolve": "^1.22.1",
        "rollup": "^3.18.0"
      }
    },
    "wrappy": {
      "version": "1.0.2",
      "resolved": "https://registry.npmjs.org/wrappy/-/wrappy-1.0.2.tgz",
      "integrity": "sha512-l4Sp/DRseor9wL6EvV2+TuQn63dMkPjZ/sp9XkghTEbV9KlPS1xUsZ3u7/IQO4wxtcFB4bgpQPRcR3QCvezPcQ==",
      "dev": true
    },
    "yallist": {
      "version": "3.1.1",
      "resolved": "https://registry.npmmirror.com/yallist/-/yallist-3.1.1.tgz",
      "integrity": "sha512-a4UGQaWPH59mOXUYnAG2ewncQS4i4F43Tv3JoAM+s2VDAmS9NsK8GpDMLrCHPksFT7h3K6TOoUNn2pb7RoXx4g==",
      "dev": true
    },
    "yaml": {
      "version": "1.10.2",
      "resolved": "https://registry.npmmirror.com/yaml/-/yaml-1.10.2.tgz",
      "integrity": "sha512-r3vXyErRCYJ7wg28yvBY5VSoAF8ZvlcW9/BwUzEtUsjvX/DKs24dIkuwjtuprwJJHsbyUbLApepYTR1BN4uHrg=="

    }
}
